# This file is autogenerated, do not edit; changes may be undone by the next 'dep ensure'.


[[projects]]
  branch = "master"
  name = "github.com/pascaldekloe/name"
  packages = ["."]
  revision = "81013e77fe79dad5d5d9592e0147e0af254ec583"

[solve-meta]
  analyzer-name = "dep"
  analyzer-version = 1
  inputs-digest = "491b2cda71bbc5d1ce1046510cca6c7714a93f416addcd75d1ae838071184171"
  solver-name = "gps-cdcl"
  solver-version = 1
